{
    "_readme": [
        "This file locks the dependencies of your project to a known state",
        "Read more about it at http://getcomposer.org/doc/01-basic-usage.md#composer-lock-the-lock-file",
        "This file is @generated automatically"
    ],
    "hash": "0d03712dd88984af2c0c2545e6888854",
    "packages": [
        {
            "name": "league/flysystem",
            "version": "dev-master",
            "source": {
                "type": "git",
                "url": "https://github.com/thephpleague/flysystem.git",
                "reference": "5c72abffdc855f363d76b109c72cc5b76bce1fb7"
            },
            "dist": {
                "type": "zip",
                "url": "https://api.github.com/repos/thephpleague/flysystem/zipball/5c72abffdc855f363d76b109c72cc5b76bce1fb7",
                "reference": "5c72abffdc855f363d76b109c72cc5b76bce1fb7",
                "shasum": ""
            },
            "require": {
                "php": ">=5.4.0"
            },
            "require-dev": {
                "aws/aws-sdk-php": "~2.5",
                "dropbox/dropbox-sdk": "~1.1.1",
                "league/phpunit-coverage-listener": "~1.1",
                "mockery/mockery": "~0.9",
                "phpseclib/phpseclib": "~0.3.5",
                "phpunit/phpunit": "~4.0",
                "predis/predis": "~0.8.4",
                "rackspace/php-opencloud": "~1.9.1",
                "sabre/dav": "~1.8.7"
            },
            "suggest": {
                "aws/aws-sdk-php": "Allows you to use AWS S3 storage",
                "dropbox/dropbox-sdk": "Allows you to use Dropbox storage",
                "phpseclib/phpseclib": "Allows SFTP server storage",
                "predis/predis": "Allows you to use Predis for caching",
                "rackspace/php-opencloud": "Allows you to use Rackspace Cloud Files",
                "sabre/dav": "Enables WebDav support"
            },
            "type": "library",
            "extra": {
                "branch-alias": {
                    "dev-master": "0.5-dev"
                }
            },
            "autoload": {
                "psr-4": {
                    "League\\Flysystem\\": "src/"
                }
            },
            "notification-url": "https://packagist.org/downloads/",
            "license": [
                "MIT"
            ],
            "authors": [
                {
                    "name": "Frank de Jonge",
                    "email": "info@frenky.net"
                }
            ],
            "description": "Filesystem abstraction, but easy.",
            "keywords": [
                "WebDAV",
                "aws",
                "dropbox",
                "filesystem",
                "ftp",
                "remote",
                "s3",
                "sftp"
            ],
            "time": "2014-06-17 13:07:00"
        }
    ],
    "packages-dev": [

    ],
    "aliases": [

    ],
    "minimum-stability": "stable",
    "stability-flags": {
        "league/flysystem": 20
    },
    "platform": {
        "php": ">=5.4.0"
    },
    "platform-dev": [

    ]
}
